
Microsoft Visual Studio Solution File, Format Version 12.00
# Visual Studio Version 16
VisualStudioVersion = 16.0.28714.193
MinimumVisualStudioVersion = 10.0.40219.1
Project("{FAE04EC0-301F-11D3-BF4B-00C04F79EFBC}") = "ConsoleApp28", "ConsoleApp28\ConsoleApp28.csproj", "{64BA39E2-3FB8-48C4-A078-C222FE1EFA9D}"
EndProject
Global
	GlobalSection(SolutionConfigurationPlatforms) = preSolution
		Debug|Any CPU = Debug|Any CPU
		Release|Any CPU = Release|Any CPU
	EndGlobalSection
	GlobalSection(ProjectConfigurationPlatforms) = postSolution
		{64BA39E2-3FB8-48C4-A078-C222FE1EFA9D}.Debug|Any CPU.ActiveCfg = Debug|Any CPU
		{64BA39E2-3FB8-48C4-A078-C222FE1EFA9D}.Debug|Any CPU.Build.0 = Debug|Any CPU
		{64BA39E2-3FB8-48C4-A078-C222FE1EFA9D}.Release|Any CPU.ActiveCfg = Release|Any CPU
		{64BA39E2-3FB8-48C4-A078-C222FE1EFA9D}.Release|Any CPU.Build.0 = Release|Any CPU
	EndGlobalSection
	GlobalSection(SolutionProperties) = preSolution
		HideSolutionNode = FALSE
	EndGlobalSection
	GlobalSection(ExtensibilityGlobals) = postSolution
		SolutionGuid = {C43ECAFE-AD85-4F9B-8514-7C9028F3B9BB}
	EndGlobalSection
EndGlobal
