
Microsoft Visual Studio Solution File, Format Version 12.00
# Visual Studio 15
VisualStudioVersion = 15.0.28010.2019
MinimumVisualStudioVersion = 10.0.40219.1
Project("{FAE04EC0-301F-11D3-BF4B-00C04F79EFBC}") = "CARDS GAME", "CARDS GAME\CARDS GAME.csproj", "{CBE8C3F8-420C-4A5F-9F1F-1B2258D86BAE}"
EndProject
Global
	GlobalSection(SolutionConfigurationPlatforms) = preSolution
		Debug|Any CPU = Debug|Any CPU
		Release|Any CPU = Release|Any CPU
	EndGlobalSection
	GlobalSection(ProjectConfigurationPlatforms) = postSolution
		{CBE8C3F8-420C-4A5F-9F1F-1B2258D86BAE}.Debug|Any CPU.ActiveCfg = Debug|Any CPU
		{CBE8C3F8-420C-4A5F-9F1F-1B2258D86BAE}.Debug|Any CPU.Build.0 = Debug|Any CPU
		{CBE8C3F8-420C-4A5F-9F1F-1B2258D86BAE}.Release|Any CPU.ActiveCfg = Release|Any CPU
		{CBE8C3F8-420C-4A5F-9F1F-1B2258D86BAE}.Release|Any CPU.Build.0 = Release|Any CPU
	EndGlobalSection
	GlobalSection(SolutionProperties) = preSolution
		HideSolutionNode = FALSE
	EndGlobalSection
	GlobalSection(ExtensibilityGlobals) = postSolution
		SolutionGuid = {E6B2C45A-6582-40AD-9CA7-7B2EA10848ED}
	EndGlobalSection
EndGlobal
