
Microsoft Visual Studio Solution File, Format Version 12.00
# Visual Studio 15
VisualStudioVersion = 15.0.27703.2035
MinimumVisualStudioVersion = 10.0.40219.1
Project("{FAE04EC0-301F-11D3-BF4B-00C04F79EFBC}") = "ConsoleApp6", "ConsoleApp6\ConsoleApp6.csproj", "{2F702D32-4B30-4574-B68D-9FA3EE91B71F}"
EndProject
Global
	GlobalSection(SolutionConfigurationPlatforms) = preSolution
		Debug|Any CPU = Debug|Any CPU
		Release|Any CPU = Release|Any CPU
	EndGlobalSection
	GlobalSection(ProjectConfigurationPlatforms) = postSolution
		{2F702D32-4B30-4574-B68D-9FA3EE91B71F}.Debug|Any CPU.ActiveCfg = Debug|Any CPU
		{2F702D32-4B30-4574-B68D-9FA3EE91B71F}.Debug|Any CPU.Build.0 = Debug|Any CPU
		{2F702D32-4B30-4574-B68D-9FA3EE91B71F}.Release|Any CPU.ActiveCfg = Release|Any CPU
		{2F702D32-4B30-4574-B68D-9FA3EE91B71F}.Release|Any CPU.Build.0 = Release|Any CPU
	EndGlobalSection
	GlobalSection(SolutionProperties) = preSolution
		HideSolutionNode = FALSE
	EndGlobalSection
	GlobalSection(ExtensibilityGlobals) = postSolution
		SolutionGuid = {F3DBB5E0-EA71-45ED-9961-F65F00858BCF}
	EndGlobalSection
EndGlobal
