
Microsoft Visual Studio Solution File, Format Version 12.00
# Visual Studio 15
VisualStudioVersion = 15.0.28010.2019
MinimumVisualStudioVersion = 10.0.40219.1
Project("{FAE04EC0-301F-11D3-BF4B-00C04F79EFBC}") = "ConsoleApp23", "ConsoleApp23\ConsoleApp23.csproj", "{5E92A8E7-89AD-404D-AF14-60D71445D785}"
EndProject
Global
	GlobalSection(SolutionConfigurationPlatforms) = preSolution
		Debug|Any CPU = Debug|Any CPU
		Release|Any CPU = Release|Any CPU
	EndGlobalSection
	GlobalSection(ProjectConfigurationPlatforms) = postSolution
		{5E92A8E7-89AD-404D-AF14-60D71445D785}.Debug|Any CPU.ActiveCfg = Debug|Any CPU
		{5E92A8E7-89AD-404D-AF14-60D71445D785}.Debug|Any CPU.Build.0 = Debug|Any CPU
		{5E92A8E7-89AD-404D-AF14-60D71445D785}.Release|Any CPU.ActiveCfg = Release|Any CPU
		{5E92A8E7-89AD-404D-AF14-60D71445D785}.Release|Any CPU.Build.0 = Release|Any CPU
	EndGlobalSection
	GlobalSection(SolutionProperties) = preSolution
		HideSolutionNode = FALSE
	EndGlobalSection
	GlobalSection(ExtensibilityGlobals) = postSolution
		SolutionGuid = {29D21E58-66C3-41F2-8FF2-C6836BBB504F}
	EndGlobalSection
EndGlobal
