
Microsoft Visual Studio Solution File, Format Version 12.00
# Visual Studio 15
VisualStudioVersion = 15.0.28010.2019
MinimumVisualStudioVersion = 10.0.40219.1
Project("{FAE04EC0-301F-11D3-BF4B-00C04F79EFBC}") = "exam results", "exam results\exam results.csproj", "{64EBA698-5D7C-4824-91A2-E0D404BE0AA1}"
EndProject
Global
	GlobalSection(SolutionConfigurationPlatforms) = preSolution
		Debug|Any CPU = Debug|Any CPU
		Release|Any CPU = Release|Any CPU
	EndGlobalSection
	GlobalSection(ProjectConfigurationPlatforms) = postSolution
		{64EBA698-5D7C-4824-91A2-E0D404BE0AA1}.Debug|Any CPU.ActiveCfg = Debug|Any CPU
		{64EBA698-5D7C-4824-91A2-E0D404BE0AA1}.Debug|Any CPU.Build.0 = Debug|Any CPU
		{64EBA698-5D7C-4824-91A2-E0D404BE0AA1}.Release|Any CPU.ActiveCfg = Release|Any CPU
		{64EBA698-5D7C-4824-91A2-E0D404BE0AA1}.Release|Any CPU.Build.0 = Release|Any CPU
	EndGlobalSection
	GlobalSection(SolutionProperties) = preSolution
		HideSolutionNode = FALSE
	EndGlobalSection
	GlobalSection(ExtensibilityGlobals) = postSolution
		SolutionGuid = {AC3F3FF2-811D-48BE-82A5-C127C5D52D9F}
	EndGlobalSection
EndGlobal
