
Microsoft Visual Studio Solution File, Format Version 12.00
# Visual Studio 15
VisualStudioVersion = 15.0.27703.2035
MinimumVisualStudioVersion = 10.0.40219.1
Project("{FAE04EC0-301F-11D3-BF4B-00C04F79EFBC}") = "Fahrenheit", "Fahrenheit\Fahrenheit.csproj", "{2A8A9630-28F7-4361-8633-5A87FC4371DD}"
EndProject
Global
	GlobalSection(SolutionConfigurationPlatforms) = preSolution
		Debug|Any CPU = Debug|Any CPU
		Release|Any CPU = Release|Any CPU
	EndGlobalSection
	GlobalSection(ProjectConfigurationPlatforms) = postSolution
		{2A8A9630-28F7-4361-8633-5A87FC4371DD}.Debug|Any CPU.ActiveCfg = Debug|Any CPU
		{2A8A9630-28F7-4361-8633-5A87FC4371DD}.Debug|Any CPU.Build.0 = Debug|Any CPU
		{2A8A9630-28F7-4361-8633-5A87FC4371DD}.Release|Any CPU.ActiveCfg = Release|Any CPU
		{2A8A9630-28F7-4361-8633-5A87FC4371DD}.Release|Any CPU.Build.0 = Release|Any CPU
	EndGlobalSection
	GlobalSection(SolutionProperties) = preSolution
		HideSolutionNode = FALSE
	EndGlobalSection
	GlobalSection(ExtensibilityGlobals) = postSolution
		SolutionGuid = {FF59E57D-9E09-41FB-B9CD-9E29322F81ED}
	EndGlobalSection
EndGlobal
