
Microsoft Visual Studio Solution File, Format Version 12.00
# Visual Studio 15
VisualStudioVersion = 15.0.28010.2019
MinimumVisualStudioVersion = 10.0.40219.1
Project("{FAE04EC0-301F-11D3-BF4B-00C04F79EFBC}") = "tuples1", "tuples1\tuples1.csproj", "{05A736C7-A9FA-4D0A-ADA5-8C9FAE32FE13}"
EndProject
Global
	GlobalSection(SolutionConfigurationPlatforms) = preSolution
		Debug|Any CPU = Debug|Any CPU
		Release|Any CPU = Release|Any CPU
	EndGlobalSection
	GlobalSection(ProjectConfigurationPlatforms) = postSolution
		{05A736C7-A9FA-4D0A-ADA5-8C9FAE32FE13}.Debug|Any CPU.ActiveCfg = Debug|Any CPU
		{05A736C7-A9FA-4D0A-ADA5-8C9FAE32FE13}.Debug|Any CPU.Build.0 = Debug|Any CPU
		{05A736C7-A9FA-4D0A-ADA5-8C9FAE32FE13}.Release|Any CPU.ActiveCfg = Release|Any CPU
		{05A736C7-A9FA-4D0A-ADA5-8C9FAE32FE13}.Release|Any CPU.Build.0 = Release|Any CPU
	EndGlobalSection
	GlobalSection(SolutionProperties) = preSolution
		HideSolutionNode = FALSE
	EndGlobalSection
	GlobalSection(ExtensibilityGlobals) = postSolution
		SolutionGuid = {5439F605-95CA-49F2-8273-584D89D65A18}
	EndGlobalSection
EndGlobal
