
Microsoft Visual Studio Solution File, Format Version 12.00
# Visual Studio 15
VisualStudioVersion = 15.0.28010.2019
MinimumVisualStudioVersion = 10.0.40219.1
Project("{FAE04EC0-301F-11D3-BF4B-00C04F79EFBC}") = "WebApplication2", "WebApplication2\WebApplication2.csproj", "{E39E4987-332C-411C-AB6E-F59CC24B0E1C}"
EndProject
Global
	GlobalSection(SolutionConfigurationPlatforms) = preSolution
		Debug|Any CPU = Debug|Any CPU
		Release|Any CPU = Release|Any CPU
	EndGlobalSection
	GlobalSection(ProjectConfigurationPlatforms) = postSolution
		{E39E4987-332C-411C-AB6E-F59CC24B0E1C}.Debug|Any CPU.ActiveCfg = Debug|Any CPU
		{E39E4987-332C-411C-AB6E-F59CC24B0E1C}.Debug|Any CPU.Build.0 = Debug|Any CPU
		{E39E4987-332C-411C-AB6E-F59CC24B0E1C}.Release|Any CPU.ActiveCfg = Release|Any CPU
		{E39E4987-332C-411C-AB6E-F59CC24B0E1C}.Release|Any CPU.Build.0 = Release|Any CPU
	EndGlobalSection
	GlobalSection(SolutionProperties) = preSolution
		HideSolutionNode = FALSE
	EndGlobalSection
	GlobalSection(ExtensibilityGlobals) = postSolution
		SolutionGuid = {E0D0EBAD-26AD-4469-A15D-98C37DF77764}
	EndGlobalSection
EndGlobal
