
Microsoft Visual Studio Solution File, Format Version 12.00
# Visual Studio Version 16
VisualStudioVersion = 16.0.28714.193
MinimumVisualStudioVersion = 10.0.40219.1
Project("{FAE04EC0-301F-11D3-BF4B-00C04F79EFBC}") = "ConsoleApp36", "ConsoleApp36\ConsoleApp36.csproj", "{B3CD4CFC-3540-43B9-8320-122EC009D15C}"
EndProject
Global
	GlobalSection(SolutionConfigurationPlatforms) = preSolution
		Debug|Any CPU = Debug|Any CPU
		Release|Any CPU = Release|Any CPU
	EndGlobalSection
	GlobalSection(ProjectConfigurationPlatforms) = postSolution
		{B3CD4CFC-3540-43B9-8320-122EC009D15C}.Debug|Any CPU.ActiveCfg = Debug|Any CPU
		{B3CD4CFC-3540-43B9-8320-122EC009D15C}.Debug|Any CPU.Build.0 = Debug|Any CPU
		{B3CD4CFC-3540-43B9-8320-122EC009D15C}.Release|Any CPU.ActiveCfg = Release|Any CPU
		{B3CD4CFC-3540-43B9-8320-122EC009D15C}.Release|Any CPU.Build.0 = Release|Any CPU
	EndGlobalSection
	GlobalSection(SolutionProperties) = preSolution
		HideSolutionNode = FALSE
	EndGlobalSection
	GlobalSection(ExtensibilityGlobals) = postSolution
		SolutionGuid = {C06B5C69-725C-465E-A61D-54BF9B6A3065}
	EndGlobalSection
EndGlobal
